{
  "name": "vue_3_beginer_mastery",
  "lockfileVersion": 2,
  "requires": true,
  "packages": {
    "": {
      "dependencies": {
        "vue": "^2.6.14",
        "vuelidate": "^0.7.6"
      }
    },
    "node_modules/vue": {
      "version": "2.6.14",
      "resolved": "https://registry.npmjs.org/vue/-/vue-2.6.14.tgz",
      "integrity": "sha512-x2284lgYvjOMj3Za7kqzRcUSxBboHqtgRE2zlos1qWaOye5yUmHn42LB1250NJBLRwEcdrB0JRwyPTEPhfQjiQ=="
    },
    "node_modules/vuelidate": {
      "version": "0.7.6",
      "resolved": "https://registry.npmjs.org/vuelidate/-/vuelidate-0.7.6.tgz",
      "integrity": "sha512-suzIuet1jGcyZ4oUSW8J27R2tNrJ9cIfklAh63EbAkFjE380iv97BAiIeolRYoB9bF9usBXCu4BxftWN1Dkn3g==",
      "engines": {
        "node": ">= 4.0.0",
        "npm": ">= 3.0.0"
      }
    }
  },
  "dependencies": {
    "vue": {
      "version": "2.6.14",
      "resolved": "https://registry.npmjs.org/vue/-/vue-2.6.14.tgz",
      "integrity": "sha512-x2284lgYvjOMj3Za7kqzRcUSxBboHqtgRE2zlos1qWaOye5yUmHn42LB1250NJBLRwEcdrB0JRwyPTEPhfQjiQ=="
    },
    "vuelidate": {
      "version": "0.7.6",
      "resolved": "https://registry.npmjs.org/vuelidate/-/vuelidate-0.7.6.tgz",
      "integrity": "sha512-suzIuet1jGcyZ4oUSW8J27R2tNrJ9cIfklAh63EbAkFjE380iv97BAiIeolRYoB9bF9usBXCu4BxftWN1Dkn3g=="
    }
  }
}
